# This file is generated by running "yarn install" inside your project.
# Manual changes might be lost - proceed with caution!

__metadata:
  version: 6
  cacheKey: 8

"com.plainlyvideos.after-effects-plugin@workspace:.":
  version: 0.0.0-use.local
  resolution: "com.plainlyvideos.after-effects-plugin@workspace:."
  dependencies:
    husky: ^9.1.7
  languageName: unknown
  linkType: soft

"husky@npm:^9.1.7":
  version: 9.1.7
  resolution: "husky@npm:9.1.7"
  bin:
    husky: bin.js
  checksum: c2412753f15695db369634ba70f50f5c0b7e5cb13b673d0826c411ec1bd9ddef08c1dad89ea154f57da2521d2605bd64308af748749b27d08c5f563bcd89975f
  languageName: node
  linkType: hard
